Microsoft Visual Studio Solution File, Format Version 11.00
# Visual Studio 2008

Project("{4B832F99-0F03-DB0B-D16A-C3F51311AC52}") = "turtle_rush", "Assembly-CSharp-firstpass.csproj", "{DEDEEC39-2FA3-3081-5B0B-5735360CB919}"
EndProject
Project("{4B832F99-0F03-DB0B-D16A-C3F51311AC52}") = "turtle_rush", "Assembly-CSharp.csproj", "{FFE8F8C1-D9CB-D309-A484-23BD4C807CCF}"
EndProject
Project("{4B832F99-0F03-DB0B-D16A-C3F51311AC52}") = "turtle_rush", "Assembly-CSharp-Editor-firstpass.csproj", "{DD88C102-1E36-D928-F4F5-D18E2BE2C1B7}"
EndProject
Global
	GlobalSection(SolutionConfigurationPlatforms) = preSolution
		Debug|Any CPU = Debug|Any CPU
		Release|Any CPU = Release|Any CPU
	EndGlobalSection
	GlobalSection(ProjectConfigurationPlatforms) = postSolution
		{DEDEEC39-2FA3-3081-5B0B-5735360CB919}.Debug|Any CPU.ActiveCfg = Debug|Any CPU
		{DEDEEC39-2FA3-3081-5B0B-5735360CB919}.Debug|Any CPU.Build.0 = Debug|Any CPU
		{DEDEEC39-2FA3-3081-5B0B-5735360CB919}.Release|Any CPU.ActiveCfg = Release|Any CPU
		{DEDEEC39-2FA3-3081-5B0B-5735360CB919}.Release|Any CPU.Build.0 = Release|Any CPU
		{FFE8F8C1-D9CB-D309-A484-23BD4C807CCF}.Debug|Any CPU.ActiveCfg = Debug|Any CPU
		{FFE8F8C1-D9CB-D309-A484-23BD4C807CCF}.Debug|Any CPU.Build.0 = Debug|Any CPU
		{FFE8F8C1-D9CB-D309-A484-23BD4C807CCF}.Release|Any CPU.ActiveCfg = Release|Any CPU
		{FFE8F8C1-D9CB-D309-A484-23BD4C807CCF}.Release|Any CPU.Build.0 = Release|Any CPU
		{DD88C102-1E36-D928-F4F5-D18E2BE2C1B7}.Debug|Any CPU.ActiveCfg = Debug|Any CPU
		{DD88C102-1E36-D928-F4F5-D18E2BE2C1B7}.Debug|Any CPU.Build.0 = Debug|Any CPU
		{DD88C102-1E36-D928-F4F5-D18E2BE2C1B7}.Release|Any CPU.ActiveCfg = Release|Any CPU
		{DD88C102-1E36-D928-F4F5-D18E2BE2C1B7}.Release|Any CPU.Build.0 = Release|Any CPU
	EndGlobalSection
	GlobalSection(SolutionProperties) = preSolution
		HideSolutionNode = FALSE
	EndGlobalSection
	GlobalSection(MonoDevelopProperties) = preSolution
		StartupItem = Assembly-CSharp.csproj
	EndGlobalSection
EndGlobal
