Microsoft Visual Studio Solution File, Format Version 11.00
# Visual Studio 2008

Project("{4B832F99-0F03-DB0B-D16A-C3F51311AC52}") = "turtle_rush", "Assembly-CSharp.csproj", "{FFE8F8C1-D9CB-D309-A484-23BD4C807CCF}"
EndProject
Global
	GlobalSection(SolutionConfigurationPlatforms) = preSolution
		Debug|Any CPU = Debug|Any CPU
		Release|Any CPU = Release|Any CPU
	EndGlobalSection
	GlobalSection(ProjectConfigurationPlatforms) = postSolution
		{FFE8F8C1-D9CB-D309-A484-23BD4C807CCF}.Debug|Any CPU.ActiveCfg = Debug|Any CPU
		{FFE8F8C1-D9CB-D309-A484-23BD4C807CCF}.Debug|Any CPU.Build.0 = Debug|Any CPU
		{FFE8F8C1-D9CB-D309-A484-23BD4C807CCF}.Release|Any CPU.ActiveCfg = Release|Any CPU
		{FFE8F8C1-D9CB-D309-A484-23BD4C807CCF}.Release|Any CPU.Build.0 = Release|Any CPU
	EndGlobalSection
	GlobalSection(SolutionProperties) = preSolution
		HideSolutionNode = FALSE
	EndGlobalSection
	GlobalSection(MonoDevelopProperties) = preSolution
		StartupItem = Assembly-CSharp.csproj
	EndGlobalSection
EndGlobal
